
Microsoft Visual Studio Solution File, Format Version 12.00
# Visual Studio Version 17
VisualStudioVersion = 17.12.35527.113
MinimumVisualStudioVersion = 10.0.40219.1
Project("{FAE04EC0-301F-11D3-BF4B-00C04F79EFBC}") = "IgniteView.Core", "IgniteView.Core.csproj", "{826F3C94-9E5C-49E6-B189-F46BEEA02927}"
EndProject
Project("{FAE04EC0-301F-11D3-BF4B-00C04F79EFBC}") = "IgniteView.Desktop", "..\IgniteView.Desktop\IgniteView.Desktop.csproj", "{6A81DCF2-3840-48B6-8243-37819B004193}"
EndProject
Project("{FAE04EC0-301F-11D3-BF4B-00C04F79EFBC}") = "IgniteView.Example.Desktop", "..\IgniteView.Example.Desktop\IgniteView.Example.Desktop.csproj", "{416F345D-CE44-4A15-8644-9EB7A5DC7F6D}"
EndProject
Global
	GlobalSection(SolutionConfigurationPlatforms) = preSolution
		Debug|Any CPU = Debug|Any CPU
		Debug|x64 = Debug|x64
		Debug|x86 = Debug|x86
		Local Development|Any CPU = Local Development|Any CPU
		Local Development|x64 = Local Development|x64
		Local Development|x86 = Local Development|x86
		Release|Any CPU = Release|Any CPU
		Release|x64 = Release|x64
		Release|x86 = Release|x86
	EndGlobalSection
	GlobalSection(ProjectConfigurationPlatforms) = postSolution
		{826F3C94-9E5C-49E6-B189-F46BEEA02927}.Debug|Any CPU.ActiveCfg = Debug|Any CPU
		{826F3C94-9E5C-49E6-B189-F46BEEA02927}.Debug|Any CPU.Build.0 = Debug|Any CPU
		{826F3C94-9E5C-49E6-B189-F46BEEA02927}.Debug|x64.ActiveCfg = Debug|Any CPU
		{826F3C94-9E5C-49E6-B189-F46BEEA02927}.Debug|x64.Build.0 = Debug|Any CPU
		{826F3C94-9E5C-49E6-B189-F46BEEA02927}.Debug|x86.ActiveCfg = Debug|Any CPU
		{826F3C94-9E5C-49E6-B189-F46BEEA02927}.Debug|x86.Build.0 = Debug|Any CPU
		{826F3C94-9E5C-49E6-B189-F46BEEA02927}.Local Development|Any CPU.ActiveCfg = Local Development|Any CPU
		{826F3C94-9E5C-49E6-B189-F46BEEA02927}.Local Development|Any CPU.Build.0 = Local Development|Any CPU
		{826F3C94-9E5C-49E6-B189-F46BEEA02927}.Local Development|x64.ActiveCfg = Release|Any CPU
		{826F3C94-9E5C-49E6-B189-F46BEEA02927}.Local Development|x64.Build.0 = Release|Any CPU
		{826F3C94-9E5C-49E6-B189-F46BEEA02927}.Local Development|x86.ActiveCfg = Release|Any CPU
		{826F3C94-9E5C-49E6-B189-F46BEEA02927}.Local Development|x86.Build.0 = Release|Any CPU
		{826F3C94-9E5C-49E6-B189-F46BEEA02927}.Release|Any CPU.ActiveCfg = Release|Any CPU
		{826F3C94-9E5C-49E6-B189-F46BEEA02927}.Release|Any CPU.Build.0 = Release|Any CPU
		{826F3C94-9E5C-49E6-B189-F46BEEA02927}.Release|x64.ActiveCfg = Release|Any CPU
		{826F3C94-9E5C-49E6-B189-F46BEEA02927}.Release|x64.Build.0 = Release|Any CPU
		{826F3C94-9E5C-49E6-B189-F46BEEA02927}.Release|x86.ActiveCfg = Release|Any CPU
		{826F3C94-9E5C-49E6-B189-F46BEEA02927}.Release|x86.Build.0 = Release|Any CPU
		{6A81DCF2-3840-48B6-8243-37819B004193}.Debug|Any CPU.ActiveCfg = Debug|Any CPU
		{6A81DCF2-3840-48B6-8243-37819B004193}.Debug|Any CPU.Build.0 = Debug|Any CPU
		{6A81DCF2-3840-48B6-8243-37819B004193}.Debug|x64.ActiveCfg = Debug|Any CPU
		{6A81DCF2-3840-48B6-8243-37819B004193}.Debug|x64.Build.0 = Debug|Any CPU
		{6A81DCF2-3840-48B6-8243-37819B004193}.Debug|x86.ActiveCfg = Debug|Any CPU
		{6A81DCF2-3840-48B6-8243-37819B004193}.Debug|x86.Build.0 = Debug|Any CPU
		{6A81DCF2-3840-48B6-8243-37819B004193}.Local Development|Any CPU.ActiveCfg = Local Development|Any CPU
		{6A81DCF2-3840-48B6-8243-37819B004193}.Local Development|Any CPU.Build.0 = Local Development|Any CPU
		{6A81DCF2-3840-48B6-8243-37819B004193}.Local Development|x64.ActiveCfg = Release|Any CPU
		{6A81DCF2-3840-48B6-8243-37819B004193}.Local Development|x64.Build.0 = Release|Any CPU
		{6A81DCF2-3840-48B6-8243-37819B004193}.Local Development|x86.ActiveCfg = Release|Any CPU
		{6A81DCF2-3840-48B6-8243-37819B004193}.Local Development|x86.Build.0 = Release|Any CPU
		{6A81DCF2-3840-48B6-8243-37819B004193}.Release|Any CPU.ActiveCfg = Release|Any CPU
		{6A81DCF2-3840-48B6-8243-37819B004193}.Release|Any CPU.Build.0 = Release|Any CPU
		{6A81DCF2-3840-48B6-8243-37819B004193}.Release|x64.ActiveCfg = Release|Any CPU
		{6A81DCF2-3840-48B6-8243-37819B004193}.Release|x64.Build.0 = Release|Any CPU
		{6A81DCF2-3840-48B6-8243-37819B004193}.Release|x86.ActiveCfg = Release|Any CPU
		{6A81DCF2-3840-48B6-8243-37819B004193}.Release|x86.Build.0 = Release|Any CPU
		{416F345D-CE44-4A15-8644-9EB7A5DC7F6D}.Debug|Any CPU.ActiveCfg = Debug|Any CPU
		{416F345D-CE44-4A15-8644-9EB7A5DC7F6D}.Debug|Any CPU.Build.0 = Debug|Any CPU
		{416F345D-CE44-4A15-8644-9EB7A5DC7F6D}.Debug|x64.ActiveCfg = Debug|Any CPU
		{416F345D-CE44-4A15-8644-9EB7A5DC7F6D}.Debug|x64.Build.0 = Debug|Any CPU
		{416F345D-CE44-4A15-8644-9EB7A5DC7F6D}.Debug|x86.ActiveCfg = Debug|Any CPU
		{416F345D-CE44-4A15-8644-9EB7A5DC7F6D}.Debug|x86.Build.0 = Debug|Any CPU
		{416F345D-CE44-4A15-8644-9EB7A5DC7F6D}.Local Development|Any CPU.ActiveCfg = Local Development|Any CPU
		{416F345D-CE44-4A15-8644-9EB7A5DC7F6D}.Local Development|Any CPU.Build.0 = Local Development|Any CPU
		{416F345D-CE44-4A15-8644-9EB7A5DC7F6D}.Local Development|x64.ActiveCfg = Release|Any CPU
		{416F345D-CE44-4A15-8644-9EB7A5DC7F6D}.Local Development|x64.Build.0 = Release|Any CPU
		{416F345D-CE44-4A15-8644-9EB7A5DC7F6D}.Local Development|x86.ActiveCfg = Release|Any CPU
		{416F345D-CE44-4A15-8644-9EB7A5DC7F6D}.Local Development|x86.Build.0 = Release|Any CPU
		{416F345D-CE44-4A15-8644-9EB7A5DC7F6D}.Release|Any CPU.ActiveCfg = Release|Any CPU
		{416F345D-CE44-4A15-8644-9EB7A5DC7F6D}.Release|Any CPU.Build.0 = Release|Any CPU
		{416F345D-CE44-4A15-8644-9EB7A5DC7F6D}.Release|x64.ActiveCfg = Release|Any CPU
		{416F345D-CE44-4A15-8644-9EB7A5DC7F6D}.Release|x64.Build.0 = Release|Any CPU
		{416F345D-CE44-4A15-8644-9EB7A5DC7F6D}.Release|x86.ActiveCfg = Release|Any CPU
		{416F345D-CE44-4A15-8644-9EB7A5DC7F6D}.Release|x86.Build.0 = Release|Any CPU
	EndGlobalSection
	GlobalSection(SolutionProperties) = preSolution
		HideSolutionNode = FALSE
	EndGlobalSection
EndGlobal
